
Microsoft Visual Studio Solution File, Format Version 12.00
# Visual Studio 15
VisualStudioVersion = 15.0.27130.2026
MinimumVisualStudioVersion = 10.0.40219.1
Project("{8BC9CEB8-8B4A-11D0-8D11-00A0C91BC942}") = "Bane-Editor", "Bane-Editor\Bane-Editor.vcxproj", "{00985CFC-72C9-4FAC-988C-29BC96F17797}"
EndProject
Project("{8BC9CEB8-8B4A-11D0-8D11-00A0C91BC942}") = "Bane-Game", "Bane-Game\Bane-Game.vcxproj", "{5F52852B-814D-441F-8352-DE5AA70A8DBE}"
EndProject
Project("{8BC9CEB8-8B4A-11D0-8D11-00A0C91BC942}") = "Bane-Core", "Bane-Core\Bane-Core.vcxproj", "{C56B8D87-F1D5-4696-9DBC-EFED9AB81A93}"
EndProject
Project("{2150E333-8FDC-42A3-9474-1A3956D46DE8}") = "Solution Items", "Solution Items", "{5ECA95D2-0D03-4CDB-B341-7C29570EAEE2}"
	ProjectSection(SolutionItems) = preProject
		ZLib\zlibstatic.vcxproj = ZLib\zlibstatic.vcxproj
	EndProjectSection
EndProject
Project("{8BC9CEB8-8B4A-11D0-8D11-00A0C91BC942}") = "Bane-Irradiance-Generator", "Bane-Irradiance-Generator\Bane-Irradiance-Generator.vcxproj", "{9A7BB00E-DF8A-484D-B372-5751689E0D75}"
EndProject
Project("{8BC9CEB8-8B4A-11D0-8D11-00A0C91BC942}") = "Bane-Math", "Bane-Math\Bane-Math.vcxproj", "{90274931-3B40-4E58-876D-8797F096A259}"
EndProject
Project("{8BC9CEB8-8B4A-11D0-8D11-00A0C91BC942}") = "Bane-Graphics", "Bane-Graphics\Bane-Graphics.vcxproj", "{1851A5CD-3C8A-4E3E-A4BD-45869C249860}"
EndProject
Project("{8BC9CEB8-8B4A-11D0-8D11-00A0C91BC942}") = "Bane-Common", "Bane-Common\Bane-Common.vcxproj", "{4C20F7EA-BFAB-4E3B-B51C-0656B603C33C}"
EndProject
Project("{8BC9CEB8-8B4A-11D0-8D11-00A0C91BC942}") = "Bane-Application", "Bane-Application\Bane-Application.vcxproj", "{76EBCAA8-5215-4F72-8988-53574D9A0541}"
EndProject
Global
	GlobalSection(SolutionConfigurationPlatforms) = preSolution
		Debug|Any CPU = Debug|Any CPU
		Debug|x64 = Debug|x64
		Debug|x86 = Debug|x86
		MinSizeRel|Any CPU = MinSizeRel|Any CPU
		MinSizeRel|x64 = MinSizeRel|x64
		MinSizeRel|x86 = MinSizeRel|x86
		Release|Any CPU = Release|Any CPU
		Release|x64 = Release|x64
		Release|x86 = Release|x86
		RelWithDebInfo|Any CPU = RelWithDebInfo|Any CPU
		RelWithDebInfo|x64 = RelWithDebInfo|x64
		RelWithDebInfo|x86 = RelWithDebInfo|x86
	EndGlobalSection
	GlobalSection(ProjectConfigurationPlatforms) = postSolution
		{00985CFC-72C9-4FAC-988C-29BC96F17797}.Debug|Any CPU.ActiveCfg = Debug|Win32
		{00985CFC-72C9-4FAC-988C-29BC96F17797}.Debug|x64.ActiveCfg = Debug|x64
		{00985CFC-72C9-4FAC-988C-29BC96F17797}.Debug|x64.Build.0 = Debug|x64
		{00985CFC-72C9-4FAC-988C-29BC96F17797}.Debug|x86.ActiveCfg = Debug|Win32
		{00985CFC-72C9-4FAC-988C-29BC96F17797}.Debug|x86.Build.0 = Debug|Win32
		{00985CFC-72C9-4FAC-988C-29BC96F17797}.MinSizeRel|Any CPU.ActiveCfg = Release|x64
		{00985CFC-72C9-4FAC-988C-29BC96F17797}.MinSizeRel|Any CPU.Build.0 = Release|x64
		{00985CFC-72C9-4FAC-988C-29BC96F17797}.MinSizeRel|x64.ActiveCfg = Release|x64
		{00985CFC-72C9-4FAC-988C-29BC96F17797}.MinSizeRel|x64.Build.0 = Release|x64
		{00985CFC-72C9-4FAC-988C-29BC96F17797}.MinSizeRel|x86.ActiveCfg = Release|Win32
		{00985CFC-72C9-4FAC-988C-29BC96F17797}.MinSizeRel|x86.Build.0 = Release|Win32
		{00985CFC-72C9-4FAC-988C-29BC96F17797}.Release|Any CPU.ActiveCfg = Release|Win32
		{00985CFC-72C9-4FAC-988C-29BC96F17797}.Release|x64.ActiveCfg = Release|x64
		{00985CFC-72C9-4FAC-988C-29BC96F17797}.Release|x64.Build.0 = Release|x64
		{00985CFC-72C9-4FAC-988C-29BC96F17797}.Release|x86.ActiveCfg = Release|Win32
		{00985CFC-72C9-4FAC-988C-29BC96F17797}.Release|x86.Build.0 = Release|Win32
		{00985CFC-72C9-4FAC-988C-29BC96F17797}.RelWithDebInfo|Any CPU.ActiveCfg = Release|x64
		{00985CFC-72C9-4FAC-988C-29BC96F17797}.RelWithDebInfo|Any CPU.Build.0 = Release|x64
		{00985CFC-72C9-4FAC-988C-29BC96F17797}.RelWithDebInfo|x64.ActiveCfg = Release|x64
		{00985CFC-72C9-4FAC-988C-29BC96F17797}.RelWithDebInfo|x64.Build.0 = Release|x64
		{00985CFC-72C9-4FAC-988C-29BC96F17797}.RelWithDebInfo|x86.ActiveCfg = Release|Win32
		{00985CFC-72C9-4FAC-988C-29BC96F17797}.RelWithDebInfo|x86.Build.0 = Release|Win32
		{5F52852B-814D-441F-8352-DE5AA70A8DBE}.Debug|Any CPU.ActiveCfg = Debug|Win32
		{5F52852B-814D-441F-8352-DE5AA70A8DBE}.Debug|x64.ActiveCfg = Debug|x64
		{5F52852B-814D-441F-8352-DE5AA70A8DBE}.Debug|x64.Build.0 = Debug|x64
		{5F52852B-814D-441F-8352-DE5AA70A8DBE}.Debug|x86.ActiveCfg = Debug|Win32
		{5F52852B-814D-441F-8352-DE5AA70A8DBE}.Debug|x86.Build.0 = Debug|Win32
		{5F52852B-814D-441F-8352-DE5AA70A8DBE}.MinSizeRel|Any CPU.ActiveCfg = Release|x64
		{5F52852B-814D-441F-8352-DE5AA70A8DBE}.MinSizeRel|Any CPU.Build.0 = Release|x64
		{5F52852B-814D-441F-8352-DE5AA70A8DBE}.MinSizeRel|x64.ActiveCfg = Release|x64
		{5F52852B-814D-441F-8352-DE5AA70A8DBE}.MinSizeRel|x64.Build.0 = Release|x64
		{5F52852B-814D-441F-8352-DE5AA70A8DBE}.MinSizeRel|x86.ActiveCfg = Release|Win32
		{5F52852B-814D-441F-8352-DE5AA70A8DBE}.MinSizeRel|x86.Build.0 = Release|Win32
		{5F52852B-814D-441F-8352-DE5AA70A8DBE}.Release|Any CPU.ActiveCfg = Release|Win32
		{5F52852B-814D-441F-8352-DE5AA70A8DBE}.Release|x64.ActiveCfg = Release|x64
		{5F52852B-814D-441F-8352-DE5AA70A8DBE}.Release|x64.Build.0 = Release|x64
		{5F52852B-814D-441F-8352-DE5AA70A8DBE}.Release|x86.ActiveCfg = Release|Win32
		{5F52852B-814D-441F-8352-DE5AA70A8DBE}.Release|x86.Build.0 = Release|Win32
		{5F52852B-814D-441F-8352-DE5AA70A8DBE}.RelWithDebInfo|Any CPU.ActiveCfg = Release|x64
		{5F52852B-814D-441F-8352-DE5AA70A8DBE}.RelWithDebInfo|Any CPU.Build.0 = Release|x64
		{5F52852B-814D-441F-8352-DE5AA70A8DBE}.RelWithDebInfo|x64.ActiveCfg = Release|x64
		{5F52852B-814D-441F-8352-DE5AA70A8DBE}.RelWithDebInfo|x64.Build.0 = Release|x64
		{5F52852B-814D-441F-8352-DE5AA70A8DBE}.RelWithDebInfo|x86.ActiveCfg = Release|Win32
		{5F52852B-814D-441F-8352-DE5AA70A8DBE}.RelWithDebInfo|x86.Build.0 = Release|Win32
		{C56B8D87-F1D5-4696-9DBC-EFED9AB81A93}.Debug|Any CPU.ActiveCfg = Debug|Win32
		{C56B8D87-F1D5-4696-9DBC-EFED9AB81A93}.Debug|x64.ActiveCfg = Debug|x64
		{C56B8D87-F1D5-4696-9DBC-EFED9AB81A93}.Debug|x64.Build.0 = Debug|x64
		{C56B8D87-F1D5-4696-9DBC-EFED9AB81A93}.Debug|x86.ActiveCfg = Debug|Win32
		{C56B8D87-F1D5-4696-9DBC-EFED9AB81A93}.Debug|x86.Build.0 = Debug|Win32
		{C56B8D87-F1D5-4696-9DBC-EFED9AB81A93}.MinSizeRel|Any CPU.ActiveCfg = Release|x64
		{C56B8D87-F1D5-4696-9DBC-EFED9AB81A93}.MinSizeRel|Any CPU.Build.0 = Release|x64
		{C56B8D87-F1D5-4696-9DBC-EFED9AB81A93}.MinSizeRel|x64.ActiveCfg = Release|x64
		{C56B8D87-F1D5-4696-9DBC-EFED9AB81A93}.MinSizeRel|x64.Build.0 = Release|x64
		{C56B8D87-F1D5-4696-9DBC-EFED9AB81A93}.MinSizeRel|x86.ActiveCfg = Release|Win32
		{C56B8D87-F1D5-4696-9DBC-EFED9AB81A93}.MinSizeRel|x86.Build.0 = Release|Win32
		{C56B8D87-F1D5-4696-9DBC-EFED9AB81A93}.Release|Any CPU.ActiveCfg = Release|Win32
		{C56B8D87-F1D5-4696-9DBC-EFED9AB81A93}.Release|x64.ActiveCfg = Release|x64
		{C56B8D87-F1D5-4696-9DBC-EFED9AB81A93}.Release|x64.Build.0 = Release|x64
		{C56B8D87-F1D5-4696-9DBC-EFED9AB81A93}.Release|x86.ActiveCfg = Release|Win32
		{C56B8D87-F1D5-4696-9DBC-EFED9AB81A93}.Release|x86.Build.0 = Release|Win32
		{C56B8D87-F1D5-4696-9DBC-EFED9AB81A93}.RelWithDebInfo|Any CPU.ActiveCfg = Release|x64
		{C56B8D87-F1D5-4696-9DBC-EFED9AB81A93}.RelWithDebInfo|Any CPU.Build.0 = Release|x64
		{C56B8D87-F1D5-4696-9DBC-EFED9AB81A93}.RelWithDebInfo|x64.ActiveCfg = Release|x64
		{C56B8D87-F1D5-4696-9DBC-EFED9AB81A93}.RelWithDebInfo|x64.Build.0 = Release|x64
		{C56B8D87-F1D5-4696-9DBC-EFED9AB81A93}.RelWithDebInfo|x86.ActiveCfg = Release|Win32
		{C56B8D87-F1D5-4696-9DBC-EFED9AB81A93}.RelWithDebInfo|x86.Build.0 = Release|Win32
		{9A7BB00E-DF8A-484D-B372-5751689E0D75}.Debug|Any CPU.ActiveCfg = Debug|Win32
		{9A7BB00E-DF8A-484D-B372-5751689E0D75}.Debug|x64.ActiveCfg = Debug|x64
		{9A7BB00E-DF8A-484D-B372-5751689E0D75}.Debug|x64.Build.0 = Debug|x64
		{9A7BB00E-DF8A-484D-B372-5751689E0D75}.Debug|x86.ActiveCfg = Debug|Win32
		{9A7BB00E-DF8A-484D-B372-5751689E0D75}.Debug|x86.Build.0 = Debug|Win32
		{9A7BB00E-DF8A-484D-B372-5751689E0D75}.MinSizeRel|Any CPU.ActiveCfg = Release|x64
		{9A7BB00E-DF8A-484D-B372-5751689E0D75}.MinSizeRel|Any CPU.Build.0 = Release|x64
		{9A7BB00E-DF8A-484D-B372-5751689E0D75}.MinSizeRel|x64.ActiveCfg = Release|x64
		{9A7BB00E-DF8A-484D-B372-5751689E0D75}.MinSizeRel|x64.Build.0 = Release|x64
		{9A7BB00E-DF8A-484D-B372-5751689E0D75}.MinSizeRel|x86.ActiveCfg = Release|Win32
		{9A7BB00E-DF8A-484D-B372-5751689E0D75}.MinSizeRel|x86.Build.0 = Release|Win32
		{9A7BB00E-DF8A-484D-B372-5751689E0D75}.Release|Any CPU.ActiveCfg = Release|Win32
		{9A7BB00E-DF8A-484D-B372-5751689E0D75}.Release|x64.ActiveCfg = Release|x64
		{9A7BB00E-DF8A-484D-B372-5751689E0D75}.Release|x64.Build.0 = Release|x64
		{9A7BB00E-DF8A-484D-B372-5751689E0D75}.Release|x86.ActiveCfg = Release|Win32
		{9A7BB00E-DF8A-484D-B372-5751689E0D75}.Release|x86.Build.0 = Release|Win32
		{9A7BB00E-DF8A-484D-B372-5751689E0D75}.RelWithDebInfo|Any CPU.ActiveCfg = Release|x64
		{9A7BB00E-DF8A-484D-B372-5751689E0D75}.RelWithDebInfo|Any CPU.Build.0 = Release|x64
		{9A7BB00E-DF8A-484D-B372-5751689E0D75}.RelWithDebInfo|x64.ActiveCfg = Release|x64
		{9A7BB00E-DF8A-484D-B372-5751689E0D75}.RelWithDebInfo|x64.Build.0 = Release|x64
		{9A7BB00E-DF8A-484D-B372-5751689E0D75}.RelWithDebInfo|x86.ActiveCfg = Release|Win32
		{9A7BB00E-DF8A-484D-B372-5751689E0D75}.RelWithDebInfo|x86.Build.0 = Release|Win32
		{90274931-3B40-4E58-876D-8797F096A259}.Debug|Any CPU.ActiveCfg = Debug|Win32
		{90274931-3B40-4E58-876D-8797F096A259}.Debug|x64.ActiveCfg = Debug|x64
		{90274931-3B40-4E58-876D-8797F096A259}.Debug|x64.Build.0 = Debug|x64
		{90274931-3B40-4E58-876D-8797F096A259}.Debug|x86.ActiveCfg = Debug|Win32
		{90274931-3B40-4E58-876D-8797F096A259}.Debug|x86.Build.0 = Debug|Win32
		{90274931-3B40-4E58-876D-8797F096A259}.MinSizeRel|Any CPU.ActiveCfg = Release|x64
		{90274931-3B40-4E58-876D-8797F096A259}.MinSizeRel|Any CPU.Build.0 = Release|x64
		{90274931-3B40-4E58-876D-8797F096A259}.MinSizeRel|x64.ActiveCfg = Release|x64
		{90274931-3B40-4E58-876D-8797F096A259}.MinSizeRel|x64.Build.0 = Release|x64
		{90274931-3B40-4E58-876D-8797F096A259}.MinSizeRel|x86.ActiveCfg = Release|Win32
		{90274931-3B40-4E58-876D-8797F096A259}.MinSizeRel|x86.Build.0 = Release|Win32
		{90274931-3B40-4E58-876D-8797F096A259}.Release|Any CPU.ActiveCfg = Release|Win32
		{90274931-3B40-4E58-876D-8797F096A259}.Release|x64.ActiveCfg = Release|x64
		{90274931-3B40-4E58-876D-8797F096A259}.Release|x64.Build.0 = Release|x64
		{90274931-3B40-4E58-876D-8797F096A259}.Release|x86.ActiveCfg = Release|Win32
		{90274931-3B40-4E58-876D-8797F096A259}.Release|x86.Build.0 = Release|Win32
		{90274931-3B40-4E58-876D-8797F096A259}.RelWithDebInfo|Any CPU.ActiveCfg = Release|x64
		{90274931-3B40-4E58-876D-8797F096A259}.RelWithDebInfo|Any CPU.Build.0 = Release|x64
		{90274931-3B40-4E58-876D-8797F096A259}.RelWithDebInfo|x64.ActiveCfg = Release|x64
		{90274931-3B40-4E58-876D-8797F096A259}.RelWithDebInfo|x64.Build.0 = Release|x64
		{90274931-3B40-4E58-876D-8797F096A259}.RelWithDebInfo|x86.ActiveCfg = Release|Win32
		{90274931-3B40-4E58-876D-8797F096A259}.RelWithDebInfo|x86.Build.0 = Release|Win32
		{1851A5CD-3C8A-4E3E-A4BD-45869C249860}.Debug|Any CPU.ActiveCfg = Debug|Win32
		{1851A5CD-3C8A-4E3E-A4BD-45869C249860}.Debug|x64.ActiveCfg = Debug|x64
		{1851A5CD-3C8A-4E3E-A4BD-45869C249860}.Debug|x64.Build.0 = Debug|x64
		{1851A5CD-3C8A-4E3E-A4BD-45869C249860}.Debug|x86.ActiveCfg = Debug|Win32
		{1851A5CD-3C8A-4E3E-A4BD-45869C249860}.Debug|x86.Build.0 = Debug|Win32
		{1851A5CD-3C8A-4E3E-A4BD-45869C249860}.MinSizeRel|Any CPU.ActiveCfg = Release|x64
		{1851A5CD-3C8A-4E3E-A4BD-45869C249860}.MinSizeRel|Any CPU.Build.0 = Release|x64
		{1851A5CD-3C8A-4E3E-A4BD-45869C249860}.MinSizeRel|x64.ActiveCfg = Release|x64
		{1851A5CD-3C8A-4E3E-A4BD-45869C249860}.MinSizeRel|x64.Build.0 = Release|x64
		{1851A5CD-3C8A-4E3E-A4BD-45869C249860}.MinSizeRel|x86.ActiveCfg = Release|Win32
		{1851A5CD-3C8A-4E3E-A4BD-45869C249860}.MinSizeRel|x86.Build.0 = Release|Win32
		{1851A5CD-3C8A-4E3E-A4BD-45869C249860}.Release|Any CPU.ActiveCfg = Release|Win32
		{1851A5CD-3C8A-4E3E-A4BD-45869C249860}.Release|x64.ActiveCfg = Release|x64
		{1851A5CD-3C8A-4E3E-A4BD-45869C249860}.Release|x64.Build.0 = Release|x64
		{1851A5CD-3C8A-4E3E-A4BD-45869C249860}.Release|x86.ActiveCfg = Release|Win32
		{1851A5CD-3C8A-4E3E-A4BD-45869C249860}.Release|x86.Build.0 = Release|Win32
		{1851A5CD-3C8A-4E3E-A4BD-45869C249860}.RelWithDebInfo|Any CPU.ActiveCfg = Release|x64
		{1851A5CD-3C8A-4E3E-A4BD-45869C249860}.RelWithDebInfo|Any CPU.Build.0 = Release|x64
		{1851A5CD-3C8A-4E3E-A4BD-45869C249860}.RelWithDebInfo|x64.ActiveCfg = Release|x64
		{1851A5CD-3C8A-4E3E-A4BD-45869C249860}.RelWithDebInfo|x64.Build.0 = Release|x64
		{1851A5CD-3C8A-4E3E-A4BD-45869C249860}.RelWithDebInfo|x86.ActiveCfg = Release|Win32
		{1851A5CD-3C8A-4E3E-A4BD-45869C249860}.RelWithDebInfo|x86.Build.0 = Release|Win32
		{4C20F7EA-BFAB-4E3B-B51C-0656B603C33C}.Debug|Any CPU.ActiveCfg = Debug|Win32
		{4C20F7EA-BFAB-4E3B-B51C-0656B603C33C}.Debug|x64.ActiveCfg = Debug|x64
		{4C20F7EA-BFAB-4E3B-B51C-0656B603C33C}.Debug|x64.Build.0 = Debug|x64
		{4C20F7EA-BFAB-4E3B-B51C-0656B603C33C}.Debug|x86.ActiveCfg = Debug|Win32
		{4C20F7EA-BFAB-4E3B-B51C-0656B603C33C}.Debug|x86.Build.0 = Debug|Win32
		{4C20F7EA-BFAB-4E3B-B51C-0656B603C33C}.MinSizeRel|Any CPU.ActiveCfg = Release|x64
		{4C20F7EA-BFAB-4E3B-B51C-0656B603C33C}.MinSizeRel|Any CPU.Build.0 = Release|x64
		{4C20F7EA-BFAB-4E3B-B51C-0656B603C33C}.MinSizeRel|x64.ActiveCfg = Release|x64
		{4C20F7EA-BFAB-4E3B-B51C-0656B603C33C}.MinSizeRel|x64.Build.0 = Release|x64
		{4C20F7EA-BFAB-4E3B-B51C-0656B603C33C}.MinSizeRel|x86.ActiveCfg = Release|Win32
		{4C20F7EA-BFAB-4E3B-B51C-0656B603C33C}.MinSizeRel|x86.Build.0 = Release|Win32
		{4C20F7EA-BFAB-4E3B-B51C-0656B603C33C}.Release|Any CPU.ActiveCfg = Release|Win32
		{4C20F7EA-BFAB-4E3B-B51C-0656B603C33C}.Release|x64.ActiveCfg = Release|x64
		{4C20F7EA-BFAB-4E3B-B51C-0656B603C33C}.Release|x64.Build.0 = Release|x64
		{4C20F7EA-BFAB-4E3B-B51C-0656B603C33C}.Release|x86.ActiveCfg = Release|Win32
		{4C20F7EA-BFAB-4E3B-B51C-0656B603C33C}.Release|x86.Build.0 = Release|Win32
		{4C20F7EA-BFAB-4E3B-B51C-0656B603C33C}.RelWithDebInfo|Any CPU.ActiveCfg = Release|x64
		{4C20F7EA-BFAB-4E3B-B51C-0656B603C33C}.RelWithDebInfo|Any CPU.Build.0 = Release|x64
		{4C20F7EA-BFAB-4E3B-B51C-0656B603C33C}.RelWithDebInfo|x64.ActiveCfg = Release|x64
		{4C20F7EA-BFAB-4E3B-B51C-0656B603C33C}.RelWithDebInfo|x64.Build.0 = Release|x64
		{4C20F7EA-BFAB-4E3B-B51C-0656B603C33C}.RelWithDebInfo|x86.ActiveCfg = Release|Win32
		{4C20F7EA-BFAB-4E3B-B51C-0656B603C33C}.RelWithDebInfo|x86.Build.0 = Release|Win32
		{76EBCAA8-5215-4F72-8988-53574D9A0541}.Debug|Any CPU.ActiveCfg = Debug|Win32
		{76EBCAA8-5215-4F72-8988-53574D9A0541}.Debug|x64.ActiveCfg = Debug|x64
		{76EBCAA8-5215-4F72-8988-53574D9A0541}.Debug|x64.Build.0 = Debug|x64
		{76EBCAA8-5215-4F72-8988-53574D9A0541}.Debug|x86.ActiveCfg = Debug|Win32
		{76EBCAA8-5215-4F72-8988-53574D9A0541}.Debug|x86.Build.0 = Debug|Win32
		{76EBCAA8-5215-4F72-8988-53574D9A0541}.MinSizeRel|Any CPU.ActiveCfg = Release|x64
		{76EBCAA8-5215-4F72-8988-53574D9A0541}.MinSizeRel|Any CPU.Build.0 = Release|x64
		{76EBCAA8-5215-4F72-8988-53574D9A0541}.MinSizeRel|x64.ActiveCfg = Release|x64
		{76EBCAA8-5215-4F72-8988-53574D9A0541}.MinSizeRel|x64.Build.0 = Release|x64
		{76EBCAA8-5215-4F72-8988-53574D9A0541}.MinSizeRel|x86.ActiveCfg = Release|Win32
		{76EBCAA8-5215-4F72-8988-53574D9A0541}.MinSizeRel|x86.Build.0 = Release|Win32
		{76EBCAA8-5215-4F72-8988-53574D9A0541}.Release|Any CPU.ActiveCfg = Release|Win32
		{76EBCAA8-5215-4F72-8988-53574D9A0541}.Release|x64.ActiveCfg = Release|x64
		{76EBCAA8-5215-4F72-8988-53574D9A0541}.Release|x64.Build.0 = Release|x64
		{76EBCAA8-5215-4F72-8988-53574D9A0541}.Release|x86.ActiveCfg = Release|Win32
		{76EBCAA8-5215-4F72-8988-53574D9A0541}.Release|x86.Build.0 = Release|Win32
		{76EBCAA8-5215-4F72-8988-53574D9A0541}.RelWithDebInfo|Any CPU.ActiveCfg = Release|x64
		{76EBCAA8-5215-4F72-8988-53574D9A0541}.RelWithDebInfo|Any CPU.Build.0 = Release|x64
		{76EBCAA8-5215-4F72-8988-53574D9A0541}.RelWithDebInfo|x64.ActiveCfg = Release|x64
		{76EBCAA8-5215-4F72-8988-53574D9A0541}.RelWithDebInfo|x64.Build.0 = Release|x64
		{76EBCAA8-5215-4F72-8988-53574D9A0541}.RelWithDebInfo|x86.ActiveCfg = Release|Win32
		{76EBCAA8-5215-4F72-8988-53574D9A0541}.RelWithDebInfo|x86.Build.0 = Release|Win32
	EndGlobalSection
	GlobalSection(SolutionProperties) = preSolution
		HideSolutionNode = FALSE
	EndGlobalSection
	GlobalSection(ExtensibilityGlobals) = postSolution
		SolutionGuid = {F2CB3B97-1397-4B13-9C08-AE519865A507}
	EndGlobalSection
EndGlobal
